
Microsoft Visual Studio Solution File, Format Version 12.00
# Visual Studio Version 17
VisualStudioVersion = 17.9.34728.123
MinimumVisualStudioVersion = 10.0.40219.1
Project("{FAE04EC0-301F-11D3-BF4B-00C04F79EFBC}") = "LD_AutomationFramework", "LD_AutomationFramework\LD_AutomationFramework.csproj", "{98A29FB6-71D1-40A2-824E-E3EDF4F779EA}"
EndProject
Project("{FAE04EC0-301F-11D3-BF4B-00C04F79EFBC}") = "LD_CustomerPortal", "LD_CustomerPortal\LD_CustomerPortal.csproj", "{E6AFA551-7811-4406-A62C-E4AE8F0F7E6F}"
	ProjectSection(ProjectDependencies) = postProject
		{98A29FB6-71D1-40A2-824E-E3EDF4F779EA} = {98A29FB6-71D1-40A2-824E-E3EDF4F779EA}
	EndProjectSection
EndProject
Project("{FAE04EC0-301F-11D3-BF4B-00C04F79EFBC}") = "LD_AgentPortal", "LD_AgentPortal\LD_AgentPortal.csproj", "{54587BA5-E18E-4E68-BBA9-B81154B79E80}"
	ProjectSection(ProjectDependencies) = postProject
		{98A29FB6-71D1-40A2-824E-E3EDF4F779EA} = {98A29FB6-71D1-40A2-824E-E3EDF4F779EA}
		{C1968F48-32CF-4C32-B014-2CF73B32AD46} = {C1968F48-32CF-4C32-B014-2CF73B32AD46}
		{E6AFA551-7811-4406-A62C-E4AE8F0F7E6F} = {E6AFA551-7811-4406-A62C-E4AE8F0F7E6F}
	EndProjectSection
EndProject
Project("{FAE04EC0-301F-11D3-BF4B-00C04F79EFBC}") = "MSP", "MSP\MSP.csproj", "{94A3BFF5-493C-486B-999C-9B82E9BF4A15}"
	ProjectSection(ProjectDependencies) = postProject
		{98A29FB6-71D1-40A2-824E-E3EDF4F779EA} = {98A29FB6-71D1-40A2-824E-E3EDF4F779EA}
	EndProjectSection
EndProject
Project("{FAE04EC0-301F-11D3-BF4B-00C04F79EFBC}") = "LD_PaymentEngine", "LD_PaymentEngine\LD_PaymentEngine.csproj", "{C1968F48-32CF-4C32-B014-2CF73B32AD46}"
	ProjectSection(ProjectDependencies) = postProject
		{98A29FB6-71D1-40A2-824E-E3EDF4F779EA} = {98A29FB6-71D1-40A2-824E-E3EDF4F779EA}
	EndProjectSection
EndProject
Global
	GlobalSection(SolutionConfigurationPlatforms) = preSolution
		Debug|Any CPU = Debug|Any CPU
		Release|Any CPU = Release|Any CPU
	EndGlobalSection
	GlobalSection(ProjectConfigurationPlatforms) = postSolution
		{98A29FB6-71D1-40A2-824E-E3EDF4F779EA}.Debug|Any CPU.ActiveCfg = Debug|Any CPU
		{98A29FB6-71D1-40A2-824E-E3EDF4F779EA}.Debug|Any CPU.Build.0 = Debug|Any CPU
		{98A29FB6-71D1-40A2-824E-E3EDF4F779EA}.Release|Any CPU.ActiveCfg = Release|Any CPU
		{98A29FB6-71D1-40A2-824E-E3EDF4F779EA}.Release|Any CPU.Build.0 = Release|Any CPU
		{E6AFA551-7811-4406-A62C-E4AE8F0F7E6F}.Debug|Any CPU.ActiveCfg = Debug|Any CPU
		{E6AFA551-7811-4406-A62C-E4AE8F0F7E6F}.Debug|Any CPU.Build.0 = Debug|Any CPU
		{E6AFA551-7811-4406-A62C-E4AE8F0F7E6F}.Release|Any CPU.ActiveCfg = Release|Any CPU
		{E6AFA551-7811-4406-A62C-E4AE8F0F7E6F}.Release|Any CPU.Build.0 = Release|Any CPU
		{54587BA5-E18E-4E68-BBA9-B81154B79E80}.Debug|Any CPU.ActiveCfg = Debug|Any CPU
		{54587BA5-E18E-4E68-BBA9-B81154B79E80}.Debug|Any CPU.Build.0 = Debug|Any CPU
		{54587BA5-E18E-4E68-BBA9-B81154B79E80}.Release|Any CPU.ActiveCfg = Release|Any CPU
		{54587BA5-E18E-4E68-BBA9-B81154B79E80}.Release|Any CPU.Build.0 = Release|Any CPU
		{94A3BFF5-493C-486B-999C-9B82E9BF4A15}.Debug|Any CPU.ActiveCfg = Debug|Any CPU
		{94A3BFF5-493C-486B-999C-9B82E9BF4A15}.Debug|Any CPU.Build.0 = Debug|Any CPU
		{94A3BFF5-493C-486B-999C-9B82E9BF4A15}.Release|Any CPU.ActiveCfg = Release|Any CPU
		{94A3BFF5-493C-486B-999C-9B82E9BF4A15}.Release|Any CPU.Build.0 = Release|Any CPU
		{C1968F48-32CF-4C32-B014-2CF73B32AD46}.Debug|Any CPU.ActiveCfg = Debug|Any CPU
		{C1968F48-32CF-4C32-B014-2CF73B32AD46}.Debug|Any CPU.Build.0 = Debug|Any CPU
		{C1968F48-32CF-4C32-B014-2CF73B32AD46}.Release|Any CPU.ActiveCfg = Release|Any CPU
		{C1968F48-32CF-4C32-B014-2CF73B32AD46}.Release|Any CPU.Build.0 = Release|Any CPU
	EndGlobalSection
	GlobalSection(SolutionProperties) = preSolution
		HideSolutionNode = FALSE
	EndGlobalSection
	GlobalSection(ExtensibilityGlobals) = postSolution
		SolutionGuid = {175D4F88-34E2-4C78-BB91-13D1680244A2}
	EndGlobalSection
EndGlobal
